// !$*UTF8*$!
{
	archiveVersion = 1;
	classes = {
	};
	objectVersion = 46;
	objects = {

/* Begin PBXBuildFile section */
		E2D3DAF91C603351006D6E3D /* main.m in Sources */ = {isa = PBXBuildFile; fileRef = E2D3DAF81C603351006D6E3D /* main.m */; };
		E2D3DAFC1C603351006D6E3D /* AppDelegate.m in Sources */ = {isa = PBXBuildFile; fileRef = E2D3DAFB1C603351006D6E3D /* AppDelegate.m */; };
		E2D3DAFF1C603351006D6E3D /* ViewController.m in Sources */ = {isa = PBXBuildFile; fileRef = E2D3DAFE1C603351006D6E3D /* ViewController.m */; };
		E2D3DB021C603351006D6E3D /* Main.storyboard in Resources */ = {isa = PBXBuildFile; fileRef = E2D3DB001C603351006D6E3D /* Main.storyboard */; };
		E2D3DB041C603351006D6E3D /* Assets.xcassets in Resources */ = {isa = PBXBuildFile; fileRef = E2D3DB031C603351006D6E3D /* Assets.xcassets */; };
		E2D3DB071C603351006D6E3D /* LaunchScreen.storyboard in Resources */ = {isa = PBXBuildFile; fileRef = E2D3DB051C603351006D6E3D /* LaunchScreen.storyboard */; };
/* End PBXBuildFile section */

/* Begin PBXFileReference section */
		E2D3DAF41C603351006D6E3D /* WeddingGiftsOrganizer.app */ = {isa = PBXFileReference; explicitFileType = wrapper.application; includeInIndex = 0; path = WeddingGiftsOrganizer.app; sourceTree = BUILT_PRODUCTS_DIR; };
		E2D3DAF81C603351006D6E3D /* main.m */ = {isa = PBXFileReference; lastKnownFileType = sourcecode.c.objc; path = main.m; sourceTree = "<group>"; };
		E2D3DAFA1C603351006D6E3D /* AppDelegate.h */ = {isa = PBXFileReference; lastKnownFileType = sourcecode.c.h; path = AppDelegate.h; sourceTree = "<group>"; };
		E2D3DAFB1C603351006D6E3D /* AppDelegate.m */ = {isa = PBXFileReference; lastKnownFileType = sourcecode.c.objc; path = AppDelegate.m; sourceTree = "<group>"; };
		E2D3DAFD1C603351006D6E3D /* ViewController.h */ = {isa = PBXFileReference; lastKnownFileType = sourcecode.c.h; path = ViewController.h; sourceTree = "<group>"; };
		E2D3DAFE1C603351006D6E3D /* ViewController.m */ = {isa = PBXFileReference; lastKnownFileType = sourcecode.c.objc; path = ViewController.m; sourceTree = "<group>"; };
		E2D3DB011C603351006D6E3D /* Base */ = {isa = PBXFileReference; lastKnownFileType = file.storyboard; name = Base; path = Base.lproj/Main.storyboard; sourceTree = "<group>"; };
		E2D3DB031C603351006D6E3D /* Assets.xcassets */ = {isa = PBXFileReference; lastKnownFileType = folder.assetcatalog; path = Assets.xcassets; sourceTree = "<group>"; };
		E2D3DB061C603351006D6E3D /* Base */ = {isa = PBXFileReference; lastKnownFileType = file.storyboard; name = Base; path = Base.lproj/LaunchScreen.storyboard; sourceTree = "<group>"; };
		E2D3DB081C603351006D6E3D /* Info.plist */ = {isa = PBXFileReference; lastKnownFileType = text.plist.xml; path = Info.plist; sourceTree = "<group>"; };
/* End PBXFileReference section */

/* Begin PBXFrameworksBuildPhase section */
		E2D3DAF11C603351006D6E3D /* Frameworks */ = {
			isa = PBXFrameworksBuildPhase;
			buildActionMask = 2147483647;
			files = (
			);
			runOnlyForDeploymentPostprocessing = 0;
		};
/* End PBXFrameworksBuildPhase section */

/* Begin PBXGroup section */
		E2D3DAEB1C603351006D6E3D = {
			isa = PBXGroup;
			children = (
				E2D3DAF61C603351006D6E3D /* WeddingGiftsOrganizer */,
				E2D3DAF51C603351006D6E3D /* Products */,
			);
			sourceTree = "<group>";
		};
		E2D3DAF51C603351006D6E3D /* Products */ = {
			isa = PBXGroup;
			children = (
				E2D3DAF41C603351006D6E3D /* WeddingGiftsOrganizer.app */,
			);
			name = Products;
			sourceTree = "<group>";
		};
		E2D3DAF61C603351006D6E3D /* WeddingGiftsOrganizer */ = {
			isa = PBXGroup;
			children = (
				E2D3DAFA1C603351006D6E3D /* AppDelegate.h */,
				E2D3DAFB1C603351006D6E3D /* AppDelegate.m */,
				E2D3DAFD1C603351006D6E3D /* ViewController.h */,
				E2D3DAFE1C603351006D6E3D /* ViewController.m */,
				E2D3DB001C603351006D6E3D /* Main.storyboard */,
				E2D3DB031C603351006D6E3D /* Assets.xcassets */,
				E2D3DB051C603351006D6E3D /* LaunchScreen.storyboard */,
				E2D3DB081C603351006D6E3D /* Info.plist */,
				E2D3DAF71C603351006D6E3D /* Supporting Files */,
			);
			path = WeddingGiftsOrganizer;
			sourceTree = "<group>";
		};
		E2D3DAF71C603351006D6E3D /* Supporting Files */ = {
			isa = PBXGroup;
			children = (
				E2D3DAF81C603351006D6E3D /* main.m */,
			);
			name = "Supporting Files";
			sourceTree = "<group>";
		};
/* End PBXGroup section */

/* Begin PBXNativeTarget section */
		E2D3DAF31C603351006D6E3D /* WeddingGiftsOrganizer */ = {
			isa = PBXNativeTarget;
			buildConfigurationList = E2D3DB0B1C603351006D6E3D /* Build configuration list for PBXNativeTarget "WeddingGiftsOrganizer" */;
			buildPhases = (
				E2D3DAF01C603351006D6E3D /* Sources */,
				E2D3DAF11C603351006D6E3D /* Frameworks */,
				E2D3DAF21C603351006D6E3D /* Resources */,
			);
			buildRules = (
			);
			dependencies = (
			);
			name = WeddingGiftsOrganizer;
			productName = WeddingGiftsOrganizer;
			productReference = E2D3DAF41C603351006D6E3D /* WeddingGiftsOrganizer.app */;
			productType = "com.apple.product-type.application";
		};
/* End PBXNativeTarget section */

/* Begin PBXProject section */
		E2D3DAEC1C603351006D6E3D /* Project object */ = {
			isa = PBXProject;
			attributes = {
				LastUpgradeCheck = 0720;
				ORGANIZATIONNAME = Kalin;
				TargetAttributes = {
					E2D3DAF31C603351006D6E3D = {
						CreatedOnToolsVersion = 7.2;
					};
				};
			};
			buildConfigurationList = E2D3DAEF1C603351006D6E3D /* Build configuration list for PBXProject "WeddingGiftsOrganizer" */;
			compatibilityVersion = "Xcode 3.2";
			developmentRegion = English;
			hasScannedForEncodings = 0;
			knownRegions = (
				en,
				Base,
			);
			mainGroup = E2D3DAEB1C603351006D6E3D;
			productRefGroup = E2D3DAF51C603351006D6E3D /* Products */;
			projectDirPath = "";
			projectRoot = "";
			targets = (
				E2D3DAF31C603351006D6E3D /* WeddingGiftsOrganizer */,
			);
		};
/* End PBXProject section */

/* Begin PBXResourcesBuildPhase section */
		E2D3DAF21C603351006D6E3D /* Resources */ = {
			isa = PBXResourcesBuildPhase;
			buildActionMask = 2147483647;
			files = (
				E2D3DB071C603351006D6E3D /* LaunchScreen.storyboard in Resources */,
				E2D3DB041C603351006D6E3D /* Assets.xcassets in Resources */,
				E2D3DB021C603351006D6E3D /* Main.storyboard in Resources */,
			);
			runOnlyForDeploymentPostprocessing = 0;
		};
/* End PBXResourcesBuildPhase section */

/* Begin PBXSourcesBuildPhase section */
		E2D3DAF01C603351006D6E3D /* Sources */ = {
			isa = PBXSourcesBuildPhase;
			buildActionMask = 2147483647;
			files = (
				E2D3DAFF1C603351006D6E3D /* ViewController.m in Sources */,
				E2D3DAFC1C603351006D6E3D /* AppDelegate.m in Sources */,
				E2D3DAF91C603351006D6E3D /* main.m in Sources */,
			);
			runOnlyForDeploymentPostprocessing = 0;
		};
/* End PBXSourcesBuildPhase section */

/* Begin PBXVariantGroup section */
		E2D3DB001C603351006D6E3D /* Main.storyboard */ = {
			isa = PBXVariantGroup;
			children = (
				E2D3DB011C603351006D6E3D /* Base */,
			);
			name = Main.storyboard;
			sourceTree = "<group>";
		};
		E2D3DB051C603351006D6E3D /* LaunchScreen.storyboard */ = {
			isa = PBXVariantGroup;
			children = (
				E2D3DB061C603351006D6E3D /* Base */,
			);
			name = LaunchScreen.storyboard;
			sourceTree = "<group>";
		};
/* End PBXVariantGroup section */

/* Begin XCBuildConfiguration section */
		E2D3DB091C603351006D6E3D /* Debug */ = {
			isa = XCBuildConfiguration;
			buildSettings = {
				ALWAYS_SEARCH_USER_PATHS = NO;
				CLANG_CXX_LANGUAGE_STANDARD = "gnu++0x";
				CLANG_CXX_LIBRARY = "libc++";
				CLANG_ENABLE_MODULES = YES;
				CLANG_ENABLE_OBJC_ARC = YES;
				CLANG_WARN_BOOL_CONVERSION = YES;
				CLANG_WARN_CONSTANT_CONVERSION = YES;
				CLANG_WARN_DIRECT_OBJC_ISA_USAGE = YES_ERROR;
				CLANG_WARN_EMPTY_BODY = YES;
				CLANG_WARN_ENUM_CONVERSION = YES;
				CLANG_WARN_INT_CONVERSION = YES;
				CLANG_WARN_OBJC_ROOT_CLASS = YES_ERROR;
				CLANG_WARN_UNREACHABLE_CODE = YES;
				CLANG_WARN__DUPLICATE_METHOD_MATCH = YES;
				"CODE_SIGN_IDENTITY[sdk=iphoneos*]" = "iPhone Developer";
				COPY_PHASE_STRIP = NO;
				DEBUG_INFORMATION_FORMAT = dwarf;
				ENABLE_STRICT_OBJC_MSGSEND = YES;
				ENABLE_TESTABILITY = YES;
				GCC_C_LANGUAGE_STANDARD = gnu99;
				GCC_DYNAMIC_NO_PIC = NO;
				GCC_NO_COMMON_BLOCKS = YES;
				GCC_OPTIMIZATION_LEVEL = 0;
				GCC_PREPROCESSOR_DEFINITIONS = (
					"DEBUG=1",
					"$(inherited)",
				);
				GCC_WARN_64_TO_32_BIT_CONVERSION = YES;
				GCC_WARN_ABOUT_RETURN_TYPE = YES_ERROR;
				GCC_WARN_UNDECLARED_SELECTOR = YES;
				GCC_WARN_UNINITIALIZED_AUTOS = YES_AGGRESSIVE;
				GCC_WARN_UNUSED_FUNCTION = YES;
				GCC_WARN_UNUSED_VARIABLE = YES;
				IPHONEOS_DEPLOYMENT_TARGET = 9.2;
				MTL_ENABLE_DEBUG_INFO = YES;
				ONLY_ACTIVE_ARCH = YES;
				SDKROOT = iphoneos;
				TARGETED_DEVICE_FAMILY = "1,2";
			};
			name = Debug;
		};
		E2D3DB0A1C603351006D6E3D /* Release */ = {
			isa = XCBuildConfiguration;
			buildSettings = {
				ALWAYS_SEARCH_USER_PATHS = NO;
				CLANG_CXX_LANGUAGE_STANDARD = "gnu++0x";
				CLANG_CXX_LIBRARY = "libc++";
				CLANG_ENABLE_MODULES = YES;
				CLANG_ENABLE_OBJC_ARC = YES;
				CLANG_WARN_BOOL_CONVERSION = YES;
				CLANG_WARN_CONSTANT_CONVERSION = YES;
				CLANG_WARN_DIRECT_OBJC_ISA_USAGE = YES_ERROR;
				CLANG_WARN_EMPTY_BODY = YES;
				CLANG_WARN_ENUM_CONVERSION = YES;
				CLANG_WARN_INT_CONVERSION = YES;
				CLANG_WARN_OBJC_ROOT_CLASS = YES_ERROR;
				CLANG_WARN_UNREACHABLE_CODE = YES;
				CLANG_WARN__DUPLICATE_METHOD_MATCH = YES;
				"CODE_SIGN_IDENTITY[sdk=iphoneos*]" = "iPhone Developer";
				COPY_PHASE_STRIP = NO;
				DEBUG_INFORMATION_FORMAT = "dwarf-with-dsym";
				ENABLE_NS_ASSERTIONS = NO;
				ENABLE_STRICT_OBJC_MSGSEND = YES;
				GCC_C_LANGUAGE_STANDARD = gnu99;
				GCC_NO_COMMON_BLOCKS = YES;
				GCC_WARN_64_TO_32_BIT_CONVERSION = YES;
				GCC_WARN_ABOUT_RETURN_TYPE = YES_ERROR;
				GCC_WARN_UNDECLARED_SELECTOR = YES;
				GCC_WARN_UNINITIALIZED_AUTOS = YES_AGGRESSIVE;
				GCC_WARN_UNUSED_FUNCTION = YES;
				GCC_WARN_UNUSED_VARIABLE = YES;
				IPHONEOS_DEPLOYMENT_TARGET = 9.2;
				MTL_ENABLE_DEBUG_INFO = NO;
				SDKROOT = iphoneos;
				TARGETED_DEVICE_FAMILY = "1,2";
				VALIDATE_PRODUCT = YES;
			};
			name = Release;
		};
		E2D3DB0C1C603351006D6E3D /* Debug */ = {
			isa = XCBuildConfiguration;
			buildSettings = {
				ASSETCATALOG_COMPILER_APPICON_NAME = AppIcon;
				INFOPLIST_FILE = WeddingGiftsOrganizer/Info.plist;
				LD_RUNPATH_SEARCH_PATHS = "$(inherited) @executable_path/Frameworks";
				PRODUCT_BUNDLE_IDENTIFIER = Kalin.WeddingGiftsOrganizer;
				PRODUCT_NAME = "$(TARGET_NAME)";
			};
			name = Debug;
		};
		E2D3DB0D1C603351006D6E3D /* Release */ = {
			isa = XCBuildConfiguration;
			buildSettings = {
				ASSETCATALOG_COMPILER_APPICON_NAME = AppIcon;
				INFOPLIST_FILE = WeddingGiftsOrganizer/Info.plist;
				LD_RUNPATH_SEARCH_PATHS = "$(inherited) @executable_path/Frameworks";
				PRODUCT_BUNDLE_IDENTIFIER = Kalin.WeddingGiftsOrganizer;
				PRODUCT_NAME = "$(TARGET_NAME)";
			};
			name = Release;
		};
/* End XCBuildConfiguration section */

/* Begin XCConfigurationList section */
		E2D3DAEF1C603351006D6E3D /* Build configuration list for PBXProject "WeddingGiftsOrganizer" */ = {
			isa = XCConfigurationList;
			buildConfigurations = (
				E2D3DB091C603351006D6E3D /* Debug */,
				E2D3DB0A1C603351006D6E3D /* Release */,
			);
			defaultConfigurationIsVisible = 0;
			defaultConfigurationName = Release;
		};
		E2D3DB0B1C603351006D6E3D /* Build configuration list for PBXNativeTarget "WeddingGiftsOrganizer" */ = {
			isa = XCConfigurationList;
			buildConfigurations = (
				E2D3DB0C1C603351006D6E3D /* Debug */,
				E2D3DB0D1C603351006D6E3D /* Release */,
			);
			defaultConfigurationIsVisible = 0;
		};
/* End XCConfigurationList section */
	};
	rootObject = E2D3DAEC1C603351006D6E3D /* Project object */;
}
